
Microsoft Visual Studio Solution File, Format Version 12.00
# Visual Studio Version 17
VisualStudioVersion = 17.11.35327.3
MinimumVisualStudioVersion = 10.0.40219.1
Project("{FAE04EC0-301F-11D3-BF4B-00C04F79EFBC}") = "CShttpServer", "CShttpServer\CShttpServer.csproj", "{CCBB19F9-91CC-4141-827E-4E4E6868E76F}"
EndProject
Project("{8BC9CEB8-8B4A-11D0-8D11-00A0C91BC942}") = "CPPhttpServer", "CPPhttpServer\CPPhttpServer.vcxproj", "{3DEC4B95-2454-4085-AA0F-7C76DF2D8248}"
EndProject
Global
	GlobalSection(SolutionConfigurationPlatforms) = preSolution
		Debug|Any CPU = Debug|Any CPU
		Debug|x64 = Debug|x64
		Debug|x86 = Debug|x86
		Release|Any CPU = Release|Any CPU
		Release|x64 = Release|x64
		Release|x86 = Release|x86
	EndGlobalSection
	GlobalSection(ProjectConfigurationPlatforms) = postSolution
		{CCBB19F9-91CC-4141-827E-4E4E6868E76F}.Debug|Any CPU.ActiveCfg = Debug|Any CPU
		{CCBB19F9-91CC-4141-827E-4E4E6868E76F}.Debug|Any CPU.Build.0 = Debug|Any CPU
		{CCBB19F9-91CC-4141-827E-4E4E6868E76F}.Debug|x64.ActiveCfg = Debug|Any CPU
		{CCBB19F9-91CC-4141-827E-4E4E6868E76F}.Debug|x64.Build.0 = Debug|Any CPU
		{CCBB19F9-91CC-4141-827E-4E4E6868E76F}.Debug|x86.ActiveCfg = Debug|Any CPU
		{CCBB19F9-91CC-4141-827E-4E4E6868E76F}.Debug|x86.Build.0 = Debug|Any CPU
		{CCBB19F9-91CC-4141-827E-4E4E6868E76F}.Release|Any CPU.ActiveCfg = Release|Any CPU
		{CCBB19F9-91CC-4141-827E-4E4E6868E76F}.Release|Any CPU.Build.0 = Release|Any CPU
		{CCBB19F9-91CC-4141-827E-4E4E6868E76F}.Release|x64.ActiveCfg = Release|Any CPU
		{CCBB19F9-91CC-4141-827E-4E4E6868E76F}.Release|x64.Build.0 = Release|Any CPU
		{CCBB19F9-91CC-4141-827E-4E4E6868E76F}.Release|x86.ActiveCfg = Release|Any CPU
		{CCBB19F9-91CC-4141-827E-4E4E6868E76F}.Release|x86.Build.0 = Release|Any CPU
		{3DEC4B95-2454-4085-AA0F-7C76DF2D8248}.Debug|Any CPU.ActiveCfg = Debug|x64
		{3DEC4B95-2454-4085-AA0F-7C76DF2D8248}.Debug|Any CPU.Build.0 = Debug|x64
		{3DEC4B95-2454-4085-AA0F-7C76DF2D8248}.Debug|x64.ActiveCfg = Debug|x64
		{3DEC4B95-2454-4085-AA0F-7C76DF2D8248}.Debug|x64.Build.0 = Debug|x64
		{3DEC4B95-2454-4085-AA0F-7C76DF2D8248}.Debug|x86.ActiveCfg = Debug|x64
		{3DEC4B95-2454-4085-AA0F-7C76DF2D8248}.Debug|x86.Build.0 = Debug|x64
		{3DEC4B95-2454-4085-AA0F-7C76DF2D8248}.Release|Any CPU.ActiveCfg = Release|x64
		{3DEC4B95-2454-4085-AA0F-7C76DF2D8248}.Release|Any CPU.Build.0 = Release|x64
		{3DEC4B95-2454-4085-AA0F-7C76DF2D8248}.Release|x64.ActiveCfg = Release|x64
		{3DEC4B95-2454-4085-AA0F-7C76DF2D8248}.Release|x64.Build.0 = Release|x64
		{3DEC4B95-2454-4085-AA0F-7C76DF2D8248}.Release|x86.ActiveCfg = Release|Win32
		{3DEC4B95-2454-4085-AA0F-7C76DF2D8248}.Release|x86.Build.0 = Release|Win32
	EndGlobalSection
	GlobalSection(SolutionProperties) = preSolution
		HideSolutionNode = FALSE
	EndGlobalSection
	GlobalSection(ExtensibilityGlobals) = postSolution
		SolutionGuid = {E4399C43-387C-43C6-87C5-23360A329221}
	EndGlobalSection
EndGlobal
